
Microsoft Visual Studio Solution File, Format Version 12.00
# Visual Studio Version 17
VisualStudioVersion = 17.2.32602.215
MinimumVisualStudioVersion = 10.0.40219.1
Project("{9A19103F-16F7-4668-BE54-9A1E7A4F7556}") = "PowerFXBenchmark", "PowerFXBenchmark.csproj", "{6A9E7187-637B-4C5E-8DA7-1406458C95BF}"
EndProject
Global
	GlobalSection(SolutionConfigurationPlatforms) = preSolution
		Debug|Any CPU = Debug|Any CPU
		Release|Any CPU = Release|Any CPU
	EndGlobalSection
	GlobalSection(ProjectConfigurationPlatforms) = postSolution
		{6A9E7187-637B-4C5E-8DA7-1406458C95BF}.Debug|Any CPU.ActiveCfg = Debug|Any CPU
		{6A9E7187-637B-4C5E-8DA7-1406458C95BF}.Debug|Any CPU.Build.0 = Debug|Any CPU
		{6A9E7187-637B-4C5E-8DA7-1406458C95BF}.Release|Any CPU.ActiveCfg = Release|Any CPU
		{6A9E7187-637B-4C5E-8DA7-1406458C95BF}.Release|Any CPU.Build.0 = Release|Any CPU
	EndGlobalSection
	GlobalSection(SolutionProperties) = preSolution
		HideSolutionNode = FALSE
	EndGlobalSection
	GlobalSection(ExtensibilityGlobals) = postSolution
		SolutionGuid = {019A6778-5D60-4CB9-8662-5E065342AB97}
	EndGlobalSection
EndGlobal
