
Microsoft Visual Studio Solution File, Format Version 12.00
# Visual Studio Version 17
VisualStudioVersion = 17.4.33205.214
MinimumVisualStudioVersion = 10.0.40219.1
Project("{2150E333-8FDC-42A3-9474-1A3956D46DE8}") = "Libraries", "Libraries", "{4269F3C3-6B42-419B-B64A-3E6DC0F1574A}"
	ProjectSection(SolutionItems) = preProject
		libraries\Directory.Build.props = libraries\Directory.Build.props
	EndProjectSection
EndProject
Project("{2150E333-8FDC-42A3-9474-1A3956D46DE8}") = "Tests", "Tests", "{AD743B78-D61F-4FBF-B620-FA83CE599A50}"
	ProjectSection(SolutionItems) = preProject
		tests\Directory.Build.props = tests\Directory.Build.props
	EndProjectSection
EndProject
Project("{9A19103F-16F7-4668-BE54-9A1E7A4F7556}") = "Microsoft.PowerFx.Core", "libraries\Microsoft.PowerFx.Core\Microsoft.PowerFx.Core.csproj", "{C4AE1B00-36BB-4D5F-8CC9-E51979BE2830}"
EndProject
Project("{9A19103F-16F7-4668-BE54-9A1E7A4F7556}") = "Microsoft.PowerFx.Interpreter", "libraries\Microsoft.PowerFx.Interpreter\Microsoft.PowerFx.Interpreter.csproj", "{E59979B0-F267-46DC-B628-941D31C3CB7C}"
EndProject
Project("{9A19103F-16F7-4668-BE54-9A1E7A4F7556}") = "Microsoft.PowerFx.LanguageServerProtocol", "libraries\Microsoft.PowerFx.LanguageServerProtocol\Microsoft.PowerFx.LanguageServerProtocol.csproj", "{AC286BA6-D439-4EDA-A468-2B18DB53E163}"
EndProject
Project("{2150E333-8FDC-42A3-9474-1A3956D46DE8}") = "Solution Items", "Solution Items", "{1BF2F760-4DBD-450B-ADED-81548000432D}"
	ProjectSection(SolutionItems) = preProject
		..\.editorconfig = ..\.editorconfig
		..\.gitignore = ..\.gitignore
		CodeCoverage.runsettings = CodeCoverage.runsettings
		Directory.Build.Props = Directory.Build.Props
		Local.runsettings = Local.runsettings
		PowerFx.Off.ruleset = PowerFx.Off.ruleset
		PowerFx.ruleset = PowerFx.ruleset
		PowerFx.Tests.ruleset = PowerFx.Tests.ruleset
	EndProjectSection
EndProject
Project("{9A19103F-16F7-4668-BE54-9A1E7A4F7556}") = "Microsoft.PowerFx.Transport.Attributes", "libraries\Microsoft.PowerFx.Transport.Attributes\Microsoft.PowerFx.Transport.Attributes.csproj", "{ED98A690-863A-443C-9DBB-8F0F5BCACE2B}"
EndProject
Project("{9A19103F-16F7-4668-BE54-9A1E7A4F7556}") = "Microsoft.PowerFx.Connectors", "libraries\Microsoft.PowerFx.Connectors\Microsoft.PowerFx.Connectors.csproj", "{CEE27893-EE7D-4832-858F-70AF6BA325E3}"
EndProject
Project("{2150E333-8FDC-42A3-9474-1A3956D46DE8}") = "Tools", "Tools", "{5EEC2873-35B5-4364-A2A0-97AAD7BF960D}"
EndProject
Project("{9A19103F-16F7-4668-BE54-9A1E7A4F7556}") = "Repl", "tools\Repl\Repl.csproj", "{142854D7-409C-4C87-A5B8-39B51477F5B2}"
EndProject
Project("{2150E333-8FDC-42A3-9474-1A3956D46DE8}") = "Benchmark", "Benchmark", "{4167C30B-F9D2-4187-87DA-85864AD2AA94}"
	ProjectSection(SolutionItems) = preProject
		ReadBenchmarkData.ps1 = ReadBenchmarkData.ps1
		RunBenchmark.cmd = RunBenchmark.cmd
		..\.scripts\WriteBenchmark.ps1 = ..\.scripts\WriteBenchmark.ps1
	EndProjectSection
EndProject
Project("{9A19103F-16F7-4668-BE54-9A1E7A4F7556}") = "Microsoft.PowerFx.Json", "libraries\Microsoft.PowerFx.Json\Microsoft.PowerFx.Json.csproj", "{D4CC6660-8C30-41E5-A28A-C018DDDF8D96}"
EndProject
Project("{2150E333-8FDC-42A3-9474-1A3956D46DE8}") = "Benchmark", "Benchmark", "{89514D49-4D5D-4423-A6EC-F0FF1D23EF43}"
	ProjectSection(SolutionItems) = preProject
		ReadBenchmarkData.ps1 = ReadBenchmarkData.ps1
		..\.scripts\WriteBenchmark.ps1 = ..\.scripts\WriteBenchmark.ps1
	EndProjectSection
EndProject
Project("{9A19103F-16F7-4668-BE54-9A1E7A4F7556}") = "Microsoft.PowerFx.Repl", "libraries\Microsoft.PowerFx.Repl\Microsoft.PowerFx.Repl.csproj", "{889A85AD-6450-4F5E-A404-01CC296C90D9}"
EndProject
Project("{D954291E-2A0B-460D-934E-DC6B0785DB48}") = "Microsoft.PowerFx.Connectors.Tests.Shared", "tests\Microsoft.PowerFx.Connectors.Tests.Shared\Microsoft.PowerFx.Connectors.Tests.Shared.shproj", "{B91CCC91-2A8D-4411-9A50-709A11B61ADC}"
EndProject
Project("{D954291E-2A0B-460D-934E-DC6B0785DB48}") = "Microsoft.PowerFx.Core.Tests.Shared", "tests\Microsoft.PowerFx.Core.Tests.Shared\Microsoft.PowerFx.Core.Tests.Shared.shproj", "{D274E7B2-0FED-4F9E-B39A-9FA4A8ACCF39}"
EndProject
Project("{D954291E-2A0B-460D-934E-DC6B0785DB48}") = "Microsoft.PowerFx.Interpreter.Tests.Shared", "tests\Microsoft.PowerFx.Interpreter.Tests.Shared\Microsoft.PowerFx.Interpreter.Tests.Shared.shproj", "{0DAA552E-5906-42C3-846F-2646EE2C33D3}"
EndProject
Project("{D954291E-2A0B-460D-934E-DC6B0785DB48}") = "Microsoft.PowerFx.Json.Tests.Shared", "tests\Microsoft.PowerFx.Json.Tests.Shared\Microsoft.PowerFx.Json.Tests.Shared.shproj", "{B23198D8-6652-4CE5-AEE3-8646202E6BBD}"
EndProject
Project("{D954291E-2A0B-460D-934E-DC6B0785DB48}") = "Microsoft.PowerFx.Performance.Tests.Shared", "tests\Microsoft.PowerFx.Performance.Tests.Shared\Microsoft.PowerFx.Performance.Tests.Shared.shproj", "{21E2744A-4C69-4862-894A-6922C2B8E2F8}"
EndProject
Project("{D954291E-2A0B-460D-934E-DC6B0785DB48}") = "Microsoft.PowerFx.Repl.Tests.Shared", "tests\Microsoft.PowerFx.Repl.Tests.Shared\Microsoft.PowerFx.Repl.Tests.Shared.shproj", "{F065BA6A-DB76-409B-9516-1F027753C2F4}"
EndProject
Project("{D954291E-2A0B-460D-934E-DC6B0785DB48}") = "Microsoft.PowerFx.TexlFunctionExporter.Shared", "tests\Microsoft.PowerFx.TexlFunctionExporter.Shared\Microsoft.PowerFx.TexlFunctionExporter.Shared.shproj", "{6BB3FA08-791F-4418-AD1C-FAB5EE67D88C}"
EndProject
Project("{2150E333-8FDC-42A3-9474-1A3956D46DE8}") = ".Net 4.6.2", ".Net 4.6.2", "{101EA8CC-4491-4BED-B379-F5EB7A9DFBEF}"
EndProject
Project("{2150E333-8FDC-42A3-9474-1A3956D46DE8}") = ".Net 7.0", ".Net 7.0", "{04292C40-764E-4FC1-9A1A-6F019EA53C08}"
EndProject
Project("{9A19103F-16F7-4668-BE54-9A1E7A4F7556}") = "Microsoft.PowerFx.Connectors.Tests", "tests\.Net 7.0\Microsoft.PowerFx.Connectors.Tests\Microsoft.PowerFx.Connectors.Tests.csproj", "{8CF1A53C-A812-4659-97B2-96170D57B685}"
EndProject
Project("{9A19103F-16F7-4668-BE54-9A1E7A4F7556}") = "Microsoft.PowerFx.Core.Tests", "tests\.Net 7.0\Microsoft.PowerFx.Core.Tests\Microsoft.PowerFx.Core.Tests.csproj", "{CFFAFB5D-FD5B-4D31-8F31-0DC12C45A4D8}"
EndProject
Project("{9A19103F-16F7-4668-BE54-9A1E7A4F7556}") = "Microsoft.PowerFx.Interpreter.Tests", "tests\.Net 7.0\Microsoft.PowerFx.Interpreter.Tests\Microsoft.PowerFx.Interpreter.Tests.csproj", "{B9F8461A-1919-43C6-B6FA-8908A658A882}"
EndProject
Project("{9A19103F-16F7-4668-BE54-9A1E7A4F7556}") = "Microsoft.PowerFx.Json.Tests", "tests\.Net 7.0\Microsoft.PowerFx.Json.Tests\Microsoft.PowerFx.Json.Tests.csproj", "{22C21DD2-677C-43DE-B14F-9FF59C5A0191}"
EndProject
Project("{9A19103F-16F7-4668-BE54-9A1E7A4F7556}") = "Microsoft.PowerFx.Performance.Tests", "tests\.Net 7.0\Microsoft.PowerFx.Performance.Tests\Microsoft.PowerFx.Performance.Tests.csproj", "{9E699744-029A-4F6E-A1E2-1D50D5A2F941}"
EndProject
Project("{9A19103F-16F7-4668-BE54-9A1E7A4F7556}") = "Microsoft.PowerFx.Repl.Tests", "tests\.Net 7.0\Microsoft.PowerFx.Repl.Tests\Microsoft.PowerFx.Repl.Tests.csproj", "{90B0D90B-E2E3-4FE2-9C1D-43403076E2FC}"
EndProject
Project("{9A19103F-16F7-4668-BE54-9A1E7A4F7556}") = "Microsoft.PowerFx.TexlFunctionExporter", "tests\.Net 7.0\Microsoft.PowerFx.TexlFunctionExporter\Microsoft.PowerFx.TexlFunctionExporter.csproj", "{2E42675C-2DE2-445D-801F-9A33A1056B09}"
EndProject
Project("{9A19103F-16F7-4668-BE54-9A1E7A4F7556}") = "Microsoft.PowerFx.Connectors.Tests", "tests\.Net 4.6.2\Microsoft.PowerFx.Connectors.Tests\Microsoft.PowerFx.Connectors.Tests.csproj", "{5C12D720-2863-472E-8DC2-B28984CB0248}"
EndProject
Project("{9A19103F-16F7-4668-BE54-9A1E7A4F7556}") = "Microsoft.PowerFx.Core.Tests", "tests\.Net 4.6.2\Microsoft.PowerFx.Core.Tests\Microsoft.PowerFx.Core.Tests.csproj", "{A5969202-B136-424D-90FD-452D0B99AF35}"
EndProject
Project("{9A19103F-16F7-4668-BE54-9A1E7A4F7556}") = "Microsoft.PowerFx.Interpreter.Tests", "tests\.Net 4.6.2\Microsoft.PowerFx.Interpreter.Tests\Microsoft.PowerFx.Interpreter.Tests.csproj", "{DFD41E8E-F548-4D44-BFFD-3A0EE4E97413}"
EndProject
Project("{9A19103F-16F7-4668-BE54-9A1E7A4F7556}") = "Microsoft.PowerFx.Json.Tests", "tests\.Net 4.6.2\Microsoft.PowerFx.Json.Tests\Microsoft.PowerFx.Json.Tests.csproj", "{CE79FB62-9F71-4BE7-AA0D-C31C45C1E4AE}"
EndProject
Project("{9A19103F-16F7-4668-BE54-9A1E7A4F7556}") = "Microsoft.PowerFx.Performance.Tests", "tests\.Net 4.6.2\Microsoft.PowerFx.Performance.Tests\Microsoft.PowerFx.Performance.Tests.csproj", "{184EEFCF-EF76-40D9-92E8-4671431AB86E}"
EndProject
Project("{9A19103F-16F7-4668-BE54-9A1E7A4F7556}") = "Microsoft.PowerFx.Repl.Tests", "tests\.Net 4.6.2\Microsoft.PowerFx.Repl.Tests\Microsoft.PowerFx.Repl.Tests.csproj", "{9D4A55FE-D7AD-47AE-969E-6E329EAFAA10}"
EndProject
Project("{9A19103F-16F7-4668-BE54-9A1E7A4F7556}") = "Microsoft.PowerFx.Shims.Net462", "tests\.Net 4.6.2\Microsoft.PowerFx.Shims.Net462\Microsoft.PowerFx.Shims.Net462.csproj", "{E18B7B09-5690-4124-9554-DA4B46A633E7}"
EndProject
Global
	GlobalSection(SolutionConfigurationPlatforms) = preSolution
		Debug|Any CPU = Debug|Any CPU
		Debug462|Any CPU = Debug462|Any CPU
		Debug70|Any CPU = Debug70|Any CPU
		DebugAll|Any CPU = DebugAll|Any CPU
		Release|Any CPU = Release|Any CPU
		Release462|Any CPU = Release462|Any CPU
		Release70|Any CPU = Release70|Any CPU
		ReleaseAll|Any CPU = ReleaseAll|Any CPU
	EndGlobalSection
	GlobalSection(ProjectConfigurationPlatforms) = postSolution
		{C4AE1B00-36BB-4D5F-8CC9-E51979BE2830}.Debug|Any CPU.ActiveCfg = Debug|Any CPU
		{C4AE1B00-36BB-4D5F-8CC9-E51979BE2830}.Debug|Any CPU.Build.0 = Debug|Any CPU
		{C4AE1B00-36BB-4D5F-8CC9-E51979BE2830}.Debug462|Any CPU.ActiveCfg = Debug462|Any CPU
		{C4AE1B00-36BB-4D5F-8CC9-E51979BE2830}.Debug462|Any CPU.Build.0 = Debug462|Any CPU
		{C4AE1B00-36BB-4D5F-8CC9-E51979BE2830}.Debug70|Any CPU.ActiveCfg = Debug70|Any CPU
		{C4AE1B00-36BB-4D5F-8CC9-E51979BE2830}.Debug70|Any CPU.Build.0 = Debug70|Any CPU
		{C4AE1B00-36BB-4D5F-8CC9-E51979BE2830}.DebugAll|Any CPU.ActiveCfg = DebugAll|Any CPU
		{C4AE1B00-36BB-4D5F-8CC9-E51979BE2830}.DebugAll|Any CPU.Build.0 = DebugAll|Any CPU
		{C4AE1B00-36BB-4D5F-8CC9-E51979BE2830}.Release|Any CPU.ActiveCfg = Release|Any CPU
		{C4AE1B00-36BB-4D5F-8CC9-E51979BE2830}.Release|Any CPU.Build.0 = Release|Any CPU
		{C4AE1B00-36BB-4D5F-8CC9-E51979BE2830}.Release462|Any CPU.ActiveCfg = Release462|Any CPU
		{C4AE1B00-36BB-4D5F-8CC9-E51979BE2830}.Release462|Any CPU.Build.0 = Release462|Any CPU
		{C4AE1B00-36BB-4D5F-8CC9-E51979BE2830}.Release70|Any CPU.ActiveCfg = Release70|Any CPU
		{C4AE1B00-36BB-4D5F-8CC9-E51979BE2830}.Release70|Any CPU.Build.0 = Release70|Any CPU
		{C4AE1B00-36BB-4D5F-8CC9-E51979BE2830}.ReleaseAll|Any CPU.ActiveCfg = ReleaseAll|Any CPU
		{C4AE1B00-36BB-4D5F-8CC9-E51979BE2830}.ReleaseAll|Any CPU.Build.0 = ReleaseAll|Any CPU
		{E59979B0-F267-46DC-B628-941D31C3CB7C}.Debug|Any CPU.ActiveCfg = Debug|Any CPU
		{E59979B0-F267-46DC-B628-941D31C3CB7C}.Debug|Any CPU.Build.0 = Debug|Any CPU
		{E59979B0-F267-46DC-B628-941D31C3CB7C}.Debug462|Any CPU.ActiveCfg = Debug462|Any CPU
		{E59979B0-F267-46DC-B628-941D31C3CB7C}.Debug462|Any CPU.Build.0 = Debug462|Any CPU
		{E59979B0-F267-46DC-B628-941D31C3CB7C}.Debug70|Any CPU.ActiveCfg = Debug70|Any CPU
		{E59979B0-F267-46DC-B628-941D31C3CB7C}.Debug70|Any CPU.Build.0 = Debug70|Any CPU
		{E59979B0-F267-46DC-B628-941D31C3CB7C}.DebugAll|Any CPU.ActiveCfg = DebugAll|Any CPU
		{E59979B0-F267-46DC-B628-941D31C3CB7C}.DebugAll|Any CPU.Build.0 = DebugAll|Any CPU
		{E59979B0-F267-46DC-B628-941D31C3CB7C}.Release|Any CPU.ActiveCfg = Release|Any CPU
		{E59979B0-F267-46DC-B628-941D31C3CB7C}.Release|Any CPU.Build.0 = Release|Any CPU
		{E59979B0-F267-46DC-B628-941D31C3CB7C}.Release462|Any CPU.ActiveCfg = Release462|Any CPU
		{E59979B0-F267-46DC-B628-941D31C3CB7C}.Release462|Any CPU.Build.0 = Release462|Any CPU
		{E59979B0-F267-46DC-B628-941D31C3CB7C}.Release70|Any CPU.ActiveCfg = Release70|Any CPU
		{E59979B0-F267-46DC-B628-941D31C3CB7C}.Release70|Any CPU.Build.0 = Release70|Any CPU
		{E59979B0-F267-46DC-B628-941D31C3CB7C}.ReleaseAll|Any CPU.ActiveCfg = ReleaseAll|Any CPU
		{E59979B0-F267-46DC-B628-941D31C3CB7C}.ReleaseAll|Any CPU.Build.0 = ReleaseAll|Any CPU
		{AC286BA6-D439-4EDA-A468-2B18DB53E163}.Debug|Any CPU.ActiveCfg = Debug|Any CPU
		{AC286BA6-D439-4EDA-A468-2B18DB53E163}.Debug|Any CPU.Build.0 = Debug|Any CPU
		{AC286BA6-D439-4EDA-A468-2B18DB53E163}.Debug462|Any CPU.ActiveCfg = Debug462|Any CPU
		{AC286BA6-D439-4EDA-A468-2B18DB53E163}.Debug462|Any CPU.Build.0 = Debug462|Any CPU
		{AC286BA6-D439-4EDA-A468-2B18DB53E163}.Debug70|Any CPU.ActiveCfg = Debug70|Any CPU
		{AC286BA6-D439-4EDA-A468-2B18DB53E163}.Debug70|Any CPU.Build.0 = Debug70|Any CPU
		{AC286BA6-D439-4EDA-A468-2B18DB53E163}.DebugAll|Any CPU.ActiveCfg = DebugAll|Any CPU
		{AC286BA6-D439-4EDA-A468-2B18DB53E163}.DebugAll|Any CPU.Build.0 = DebugAll|Any CPU
		{AC286BA6-D439-4EDA-A468-2B18DB53E163}.Release|Any CPU.ActiveCfg = Release|Any CPU
		{AC286BA6-D439-4EDA-A468-2B18DB53E163}.Release|Any CPU.Build.0 = Release|Any CPU
		{AC286BA6-D439-4EDA-A468-2B18DB53E163}.Release462|Any CPU.ActiveCfg = Release462|Any CPU
		{AC286BA6-D439-4EDA-A468-2B18DB53E163}.Release462|Any CPU.Build.0 = Release462|Any CPU
		{AC286BA6-D439-4EDA-A468-2B18DB53E163}.Release70|Any CPU.ActiveCfg = Release70|Any CPU
		{AC286BA6-D439-4EDA-A468-2B18DB53E163}.Release70|Any CPU.Build.0 = Release70|Any CPU
		{AC286BA6-D439-4EDA-A468-2B18DB53E163}.ReleaseAll|Any CPU.ActiveCfg = ReleaseAll|Any CPU
		{AC286BA6-D439-4EDA-A468-2B18DB53E163}.ReleaseAll|Any CPU.Build.0 = ReleaseAll|Any CPU
		{ED98A690-863A-443C-9DBB-8F0F5BCACE2B}.Debug|Any CPU.ActiveCfg = Debug|Any CPU
		{ED98A690-863A-443C-9DBB-8F0F5BCACE2B}.Debug|Any CPU.Build.0 = Debug|Any CPU
		{ED98A690-863A-443C-9DBB-8F0F5BCACE2B}.Debug462|Any CPU.ActiveCfg = Debug462|Any CPU
		{ED98A690-863A-443C-9DBB-8F0F5BCACE2B}.Debug462|Any CPU.Build.0 = Debug462|Any CPU
		{ED98A690-863A-443C-9DBB-8F0F5BCACE2B}.Debug70|Any CPU.ActiveCfg = Debug70|Any CPU
		{ED98A690-863A-443C-9DBB-8F0F5BCACE2B}.Debug70|Any CPU.Build.0 = Debug70|Any CPU
		{ED98A690-863A-443C-9DBB-8F0F5BCACE2B}.DebugAll|Any CPU.ActiveCfg = DebugAll|Any CPU
		{ED98A690-863A-443C-9DBB-8F0F5BCACE2B}.DebugAll|Any CPU.Build.0 = DebugAll|Any CPU
		{ED98A690-863A-443C-9DBB-8F0F5BCACE2B}.Release|Any CPU.ActiveCfg = Release|Any CPU
		{ED98A690-863A-443C-9DBB-8F0F5BCACE2B}.Release|Any CPU.Build.0 = Release|Any CPU
		{ED98A690-863A-443C-9DBB-8F0F5BCACE2B}.Release462|Any CPU.ActiveCfg = Release462|Any CPU
		{ED98A690-863A-443C-9DBB-8F0F5BCACE2B}.Release462|Any CPU.Build.0 = Release462|Any CPU
		{ED98A690-863A-443C-9DBB-8F0F5BCACE2B}.Release70|Any CPU.ActiveCfg = Release70|Any CPU
		{ED98A690-863A-443C-9DBB-8F0F5BCACE2B}.Release70|Any CPU.Build.0 = Release70|Any CPU
		{ED98A690-863A-443C-9DBB-8F0F5BCACE2B}.ReleaseAll|Any CPU.ActiveCfg = ReleaseAll|Any CPU
		{ED98A690-863A-443C-9DBB-8F0F5BCACE2B}.ReleaseAll|Any CPU.Build.0 = ReleaseAll|Any CPU
		{CEE27893-EE7D-4832-858F-70AF6BA325E3}.Debug|Any CPU.ActiveCfg = Debug|Any CPU
		{CEE27893-EE7D-4832-858F-70AF6BA325E3}.Debug|Any CPU.Build.0 = Debug|Any CPU
		{CEE27893-EE7D-4832-858F-70AF6BA325E3}.Debug462|Any CPU.ActiveCfg = Debug462|Any CPU
		{CEE27893-EE7D-4832-858F-70AF6BA325E3}.Debug462|Any CPU.Build.0 = Debug462|Any CPU
		{CEE27893-EE7D-4832-858F-70AF6BA325E3}.Debug70|Any CPU.ActiveCfg = Debug70|Any CPU
		{CEE27893-EE7D-4832-858F-70AF6BA325E3}.Debug70|Any CPU.Build.0 = Debug70|Any CPU
		{CEE27893-EE7D-4832-858F-70AF6BA325E3}.DebugAll|Any CPU.ActiveCfg = DebugAll|Any CPU
		{CEE27893-EE7D-4832-858F-70AF6BA325E3}.DebugAll|Any CPU.Build.0 = DebugAll|Any CPU
		{CEE27893-EE7D-4832-858F-70AF6BA325E3}.Release|Any CPU.ActiveCfg = Release|Any CPU
		{CEE27893-EE7D-4832-858F-70AF6BA325E3}.Release|Any CPU.Build.0 = Release|Any CPU
		{CEE27893-EE7D-4832-858F-70AF6BA325E3}.Release462|Any CPU.ActiveCfg = Release462|Any CPU
		{CEE27893-EE7D-4832-858F-70AF6BA325E3}.Release462|Any CPU.Build.0 = Release462|Any CPU
		{CEE27893-EE7D-4832-858F-70AF6BA325E3}.Release70|Any CPU.ActiveCfg = Release70|Any CPU
		{CEE27893-EE7D-4832-858F-70AF6BA325E3}.Release70|Any CPU.Build.0 = Release70|Any CPU
		{CEE27893-EE7D-4832-858F-70AF6BA325E3}.ReleaseAll|Any CPU.ActiveCfg = ReleaseAll|Any CPU
		{CEE27893-EE7D-4832-858F-70AF6BA325E3}.ReleaseAll|Any CPU.Build.0 = ReleaseAll|Any CPU
		{142854D7-409C-4C87-A5B8-39B51477F5B2}.Debug|Any CPU.ActiveCfg = Debug|Any CPU
		{142854D7-409C-4C87-A5B8-39B51477F5B2}.Debug|Any CPU.Build.0 = Debug|Any CPU
		{142854D7-409C-4C87-A5B8-39B51477F5B2}.Debug462|Any CPU.ActiveCfg = Debug462|Any CPU
		{142854D7-409C-4C87-A5B8-39B51477F5B2}.Debug70|Any CPU.ActiveCfg = Debug70|Any CPU
		{142854D7-409C-4C87-A5B8-39B51477F5B2}.Debug70|Any CPU.Build.0 = Debug70|Any CPU
		{142854D7-409C-4C87-A5B8-39B51477F5B2}.DebugAll|Any CPU.ActiveCfg = DebugAll|Any CPU
		{142854D7-409C-4C87-A5B8-39B51477F5B2}.DebugAll|Any CPU.Build.0 = DebugAll|Any CPU
		{142854D7-409C-4C87-A5B8-39B51477F5B2}.Release|Any CPU.ActiveCfg = Release|Any CPU
		{142854D7-409C-4C87-A5B8-39B51477F5B2}.Release|Any CPU.Build.0 = Release|Any CPU
		{142854D7-409C-4C87-A5B8-39B51477F5B2}.Release462|Any CPU.ActiveCfg = Release462|Any CPU
		{142854D7-409C-4C87-A5B8-39B51477F5B2}.Release70|Any CPU.ActiveCfg = Release70|Any CPU
		{142854D7-409C-4C87-A5B8-39B51477F5B2}.Release70|Any CPU.Build.0 = Release70|Any CPU
		{142854D7-409C-4C87-A5B8-39B51477F5B2}.ReleaseAll|Any CPU.ActiveCfg = ReleaseAll|Any CPU
		{142854D7-409C-4C87-A5B8-39B51477F5B2}.ReleaseAll|Any CPU.Build.0 = ReleaseAll|Any CPU
		{D4CC6660-8C30-41E5-A28A-C018DDDF8D96}.Debug|Any CPU.ActiveCfg = Debug|Any CPU
		{D4CC6660-8C30-41E5-A28A-C018DDDF8D96}.Debug|Any CPU.Build.0 = Debug|Any CPU
		{D4CC6660-8C30-41E5-A28A-C018DDDF8D96}.Debug462|Any CPU.ActiveCfg = Debug462|Any CPU
		{D4CC6660-8C30-41E5-A28A-C018DDDF8D96}.Debug462|Any CPU.Build.0 = Debug462|Any CPU
		{D4CC6660-8C30-41E5-A28A-C018DDDF8D96}.Debug70|Any CPU.ActiveCfg = Debug70|Any CPU
		{D4CC6660-8C30-41E5-A28A-C018DDDF8D96}.Debug70|Any CPU.Build.0 = Debug70|Any CPU
		{D4CC6660-8C30-41E5-A28A-C018DDDF8D96}.DebugAll|Any CPU.ActiveCfg = DebugAll|Any CPU
		{D4CC6660-8C30-41E5-A28A-C018DDDF8D96}.DebugAll|Any CPU.Build.0 = DebugAll|Any CPU
		{D4CC6660-8C30-41E5-A28A-C018DDDF8D96}.Release|Any CPU.ActiveCfg = Release|Any CPU
		{D4CC6660-8C30-41E5-A28A-C018DDDF8D96}.Release|Any CPU.Build.0 = Release|Any CPU
		{D4CC6660-8C30-41E5-A28A-C018DDDF8D96}.Release462|Any CPU.ActiveCfg = Release462|Any CPU
		{D4CC6660-8C30-41E5-A28A-C018DDDF8D96}.Release462|Any CPU.Build.0 = Release462|Any CPU
		{D4CC6660-8C30-41E5-A28A-C018DDDF8D96}.Release70|Any CPU.ActiveCfg = Release70|Any CPU
		{D4CC6660-8C30-41E5-A28A-C018DDDF8D96}.Release70|Any CPU.Build.0 = Release70|Any CPU
		{D4CC6660-8C30-41E5-A28A-C018DDDF8D96}.ReleaseAll|Any CPU.ActiveCfg = ReleaseAll|Any CPU
		{D4CC6660-8C30-41E5-A28A-C018DDDF8D96}.ReleaseAll|Any CPU.Build.0 = ReleaseAll|Any CPU
		{889A85AD-6450-4F5E-A404-01CC296C90D9}.Debug|Any CPU.ActiveCfg = Debug|Any CPU
		{889A85AD-6450-4F5E-A404-01CC296C90D9}.Debug|Any CPU.Build.0 = Debug|Any CPU
		{889A85AD-6450-4F5E-A404-01CC296C90D9}.Debug462|Any CPU.ActiveCfg = Debug462|Any CPU
		{889A85AD-6450-4F5E-A404-01CC296C90D9}.Debug462|Any CPU.Build.0 = Debug462|Any CPU
		{889A85AD-6450-4F5E-A404-01CC296C90D9}.Debug70|Any CPU.ActiveCfg = Debug70|Any CPU
		{889A85AD-6450-4F5E-A404-01CC296C90D9}.Debug70|Any CPU.Build.0 = Debug70|Any CPU
		{889A85AD-6450-4F5E-A404-01CC296C90D9}.DebugAll|Any CPU.ActiveCfg = DebugAll|Any CPU
		{889A85AD-6450-4F5E-A404-01CC296C90D9}.DebugAll|Any CPU.Build.0 = DebugAll|Any CPU
		{889A85AD-6450-4F5E-A404-01CC296C90D9}.Release|Any CPU.ActiveCfg = Release|Any CPU
		{889A85AD-6450-4F5E-A404-01CC296C90D9}.Release|Any CPU.Build.0 = Release|Any CPU
		{889A85AD-6450-4F5E-A404-01CC296C90D9}.Release462|Any CPU.ActiveCfg = Release462|Any CPU
		{889A85AD-6450-4F5E-A404-01CC296C90D9}.Release462|Any CPU.Build.0 = Release462|Any CPU
		{889A85AD-6450-4F5E-A404-01CC296C90D9}.Release70|Any CPU.ActiveCfg = Release70|Any CPU
		{889A85AD-6450-4F5E-A404-01CC296C90D9}.Release70|Any CPU.Build.0 = Release70|Any CPU
		{889A85AD-6450-4F5E-A404-01CC296C90D9}.ReleaseAll|Any CPU.ActiveCfg = ReleaseAll|Any CPU
		{889A85AD-6450-4F5E-A404-01CC296C90D9}.ReleaseAll|Any CPU.Build.0 = ReleaseAll|Any CPU
		{8CF1A53C-A812-4659-97B2-96170D57B685}.Debug|Any CPU.ActiveCfg = Debug|Any CPU
		{8CF1A53C-A812-4659-97B2-96170D57B685}.Debug|Any CPU.Build.0 = Debug|Any CPU
		{8CF1A53C-A812-4659-97B2-96170D57B685}.Debug462|Any CPU.ActiveCfg = Debug462|Any CPU
		{8CF1A53C-A812-4659-97B2-96170D57B685}.Debug70|Any CPU.ActiveCfg = Debug70|Any CPU
		{8CF1A53C-A812-4659-97B2-96170D57B685}.Debug70|Any CPU.Build.0 = Debug70|Any CPU
		{8CF1A53C-A812-4659-97B2-96170D57B685}.DebugAll|Any CPU.ActiveCfg = DebugAll|Any CPU
		{8CF1A53C-A812-4659-97B2-96170D57B685}.DebugAll|Any CPU.Build.0 = DebugAll|Any CPU
		{8CF1A53C-A812-4659-97B2-96170D57B685}.Release|Any CPU.ActiveCfg = Release|Any CPU
		{8CF1A53C-A812-4659-97B2-96170D57B685}.Release|Any CPU.Build.0 = Release|Any CPU
		{8CF1A53C-A812-4659-97B2-96170D57B685}.Release462|Any CPU.ActiveCfg = Release462|Any CPU
		{8CF1A53C-A812-4659-97B2-96170D57B685}.Release70|Any CPU.ActiveCfg = Release70|Any CPU
		{8CF1A53C-A812-4659-97B2-96170D57B685}.Release70|Any CPU.Build.0 = Release70|Any CPU
		{8CF1A53C-A812-4659-97B2-96170D57B685}.ReleaseAll|Any CPU.ActiveCfg = ReleaseAll|Any CPU
		{8CF1A53C-A812-4659-97B2-96170D57B685}.ReleaseAll|Any CPU.Build.0 = ReleaseAll|Any CPU
		{CFFAFB5D-FD5B-4D31-8F31-0DC12C45A4D8}.Debug|Any CPU.ActiveCfg = Debug|Any CPU
		{CFFAFB5D-FD5B-4D31-8F31-0DC12C45A4D8}.Debug|Any CPU.Build.0 = Debug|Any CPU
		{CFFAFB5D-FD5B-4D31-8F31-0DC12C45A4D8}.Debug462|Any CPU.ActiveCfg = Debug462|Any CPU
		{CFFAFB5D-FD5B-4D31-8F31-0DC12C45A4D8}.Debug70|Any CPU.ActiveCfg = Debug70|Any CPU
		{CFFAFB5D-FD5B-4D31-8F31-0DC12C45A4D8}.Debug70|Any CPU.Build.0 = Debug70|Any CPU
		{CFFAFB5D-FD5B-4D31-8F31-0DC12C45A4D8}.DebugAll|Any CPU.ActiveCfg = DebugAll|Any CPU
		{CFFAFB5D-FD5B-4D31-8F31-0DC12C45A4D8}.DebugAll|Any CPU.Build.0 = DebugAll|Any CPU
		{CFFAFB5D-FD5B-4D31-8F31-0DC12C45A4D8}.Release|Any CPU.ActiveCfg = Release|Any CPU
		{CFFAFB5D-FD5B-4D31-8F31-0DC12C45A4D8}.Release|Any CPU.Build.0 = Release|Any CPU
		{CFFAFB5D-FD5B-4D31-8F31-0DC12C45A4D8}.Release462|Any CPU.ActiveCfg = Release462|Any CPU
		{CFFAFB5D-FD5B-4D31-8F31-0DC12C45A4D8}.Release70|Any CPU.ActiveCfg = Release70|Any CPU
		{CFFAFB5D-FD5B-4D31-8F31-0DC12C45A4D8}.Release70|Any CPU.Build.0 = Release70|Any CPU
		{CFFAFB5D-FD5B-4D31-8F31-0DC12C45A4D8}.ReleaseAll|Any CPU.ActiveCfg = ReleaseAll|Any CPU
		{CFFAFB5D-FD5B-4D31-8F31-0DC12C45A4D8}.ReleaseAll|Any CPU.Build.0 = ReleaseAll|Any CPU
		{B9F8461A-1919-43C6-B6FA-8908A658A882}.Debug|Any CPU.ActiveCfg = Debug|Any CPU
		{B9F8461A-1919-43C6-B6FA-8908A658A882}.Debug|Any CPU.Build.0 = Debug|Any CPU
		{B9F8461A-1919-43C6-B6FA-8908A658A882}.Debug462|Any CPU.ActiveCfg = Debug462|Any CPU
		{B9F8461A-1919-43C6-B6FA-8908A658A882}.Debug70|Any CPU.ActiveCfg = Debug70|Any CPU
		{B9F8461A-1919-43C6-B6FA-8908A658A882}.Debug70|Any CPU.Build.0 = Debug70|Any CPU
		{B9F8461A-1919-43C6-B6FA-8908A658A882}.DebugAll|Any CPU.ActiveCfg = DebugAll|Any CPU
		{B9F8461A-1919-43C6-B6FA-8908A658A882}.DebugAll|Any CPU.Build.0 = DebugAll|Any CPU
		{B9F8461A-1919-43C6-B6FA-8908A658A882}.Release|Any CPU.ActiveCfg = Release|Any CPU
		{B9F8461A-1919-43C6-B6FA-8908A658A882}.Release|Any CPU.Build.0 = Release|Any CPU
		{B9F8461A-1919-43C6-B6FA-8908A658A882}.Release462|Any CPU.ActiveCfg = Release462|Any CPU
		{B9F8461A-1919-43C6-B6FA-8908A658A882}.Release70|Any CPU.ActiveCfg = Release70|Any CPU
		{B9F8461A-1919-43C6-B6FA-8908A658A882}.Release70|Any CPU.Build.0 = Release70|Any CPU
		{B9F8461A-1919-43C6-B6FA-8908A658A882}.ReleaseAll|Any CPU.ActiveCfg = ReleaseAll|Any CPU
		{B9F8461A-1919-43C6-B6FA-8908A658A882}.ReleaseAll|Any CPU.Build.0 = ReleaseAll|Any CPU
		{22C21DD2-677C-43DE-B14F-9FF59C5A0191}.Debug|Any CPU.ActiveCfg = Debug|Any CPU
		{22C21DD2-677C-43DE-B14F-9FF59C5A0191}.Debug|Any CPU.Build.0 = Debug|Any CPU
		{22C21DD2-677C-43DE-B14F-9FF59C5A0191}.Debug462|Any CPU.ActiveCfg = Debug462|Any CPU
		{22C21DD2-677C-43DE-B14F-9FF59C5A0191}.Debug70|Any CPU.ActiveCfg = Debug70|Any CPU
		{22C21DD2-677C-43DE-B14F-9FF59C5A0191}.Debug70|Any CPU.Build.0 = Debug70|Any CPU
		{22C21DD2-677C-43DE-B14F-9FF59C5A0191}.DebugAll|Any CPU.ActiveCfg = DebugAll|Any CPU
		{22C21DD2-677C-43DE-B14F-9FF59C5A0191}.DebugAll|Any CPU.Build.0 = DebugAll|Any CPU
		{22C21DD2-677C-43DE-B14F-9FF59C5A0191}.Release|Any CPU.ActiveCfg = Release|Any CPU
		{22C21DD2-677C-43DE-B14F-9FF59C5A0191}.Release|Any CPU.Build.0 = Release|Any CPU
		{22C21DD2-677C-43DE-B14F-9FF59C5A0191}.Release462|Any CPU.ActiveCfg = Release462|Any CPU
		{22C21DD2-677C-43DE-B14F-9FF59C5A0191}.Release70|Any CPU.ActiveCfg = Release70|Any CPU
		{22C21DD2-677C-43DE-B14F-9FF59C5A0191}.Release70|Any CPU.Build.0 = Release70|Any CPU
		{22C21DD2-677C-43DE-B14F-9FF59C5A0191}.ReleaseAll|Any CPU.ActiveCfg = ReleaseAll|Any CPU
		{22C21DD2-677C-43DE-B14F-9FF59C5A0191}.ReleaseAll|Any CPU.Build.0 = ReleaseAll|Any CPU
		{9E699744-029A-4F6E-A1E2-1D50D5A2F941}.Debug|Any CPU.ActiveCfg = Debug|Any CPU
		{9E699744-029A-4F6E-A1E2-1D50D5A2F941}.Debug|Any CPU.Build.0 = Debug|Any CPU
		{9E699744-029A-4F6E-A1E2-1D50D5A2F941}.Debug462|Any CPU.ActiveCfg = Debug462|Any CPU
		{9E699744-029A-4F6E-A1E2-1D50D5A2F941}.Debug70|Any CPU.ActiveCfg = Debug70|Any CPU
		{9E699744-029A-4F6E-A1E2-1D50D5A2F941}.Debug70|Any CPU.Build.0 = Debug70|Any CPU
		{9E699744-029A-4F6E-A1E2-1D50D5A2F941}.DebugAll|Any CPU.ActiveCfg = DebugAll|Any CPU
		{9E699744-029A-4F6E-A1E2-1D50D5A2F941}.DebugAll|Any CPU.Build.0 = DebugAll|Any CPU
		{9E699744-029A-4F6E-A1E2-1D50D5A2F941}.Release|Any CPU.ActiveCfg = Release|Any CPU
		{9E699744-029A-4F6E-A1E2-1D50D5A2F941}.Release|Any CPU.Build.0 = Release|Any CPU
		{9E699744-029A-4F6E-A1E2-1D50D5A2F941}.Release462|Any CPU.ActiveCfg = Release462|Any CPU
		{9E699744-029A-4F6E-A1E2-1D50D5A2F941}.Release70|Any CPU.ActiveCfg = Release70|Any CPU
		{9E699744-029A-4F6E-A1E2-1D50D5A2F941}.Release70|Any CPU.Build.0 = Release70|Any CPU
		{9E699744-029A-4F6E-A1E2-1D50D5A2F941}.ReleaseAll|Any CPU.ActiveCfg = ReleaseAll|Any CPU
		{9E699744-029A-4F6E-A1E2-1D50D5A2F941}.ReleaseAll|Any CPU.Build.0 = ReleaseAll|Any CPU
		{90B0D90B-E2E3-4FE2-9C1D-43403076E2FC}.Debug|Any CPU.ActiveCfg = Debug|Any CPU
		{90B0D90B-E2E3-4FE2-9C1D-43403076E2FC}.Debug|Any CPU.Build.0 = Debug|Any CPU
		{90B0D90B-E2E3-4FE2-9C1D-43403076E2FC}.Debug462|Any CPU.ActiveCfg = Debug462|Any CPU
		{90B0D90B-E2E3-4FE2-9C1D-43403076E2FC}.Debug70|Any CPU.ActiveCfg = Debug70|Any CPU
		{90B0D90B-E2E3-4FE2-9C1D-43403076E2FC}.Debug70|Any CPU.Build.0 = Debug70|Any CPU
		{90B0D90B-E2E3-4FE2-9C1D-43403076E2FC}.DebugAll|Any CPU.ActiveCfg = DebugAll|Any CPU
		{90B0D90B-E2E3-4FE2-9C1D-43403076E2FC}.DebugAll|Any CPU.Build.0 = DebugAll|Any CPU
		{90B0D90B-E2E3-4FE2-9C1D-43403076E2FC}.Release|Any CPU.ActiveCfg = Release|Any CPU
		{90B0D90B-E2E3-4FE2-9C1D-43403076E2FC}.Release|Any CPU.Build.0 = Release|Any CPU
		{90B0D90B-E2E3-4FE2-9C1D-43403076E2FC}.Release462|Any CPU.ActiveCfg = Release462|Any CPU
		{90B0D90B-E2E3-4FE2-9C1D-43403076E2FC}.Release70|Any CPU.ActiveCfg = Release70|Any CPU
		{90B0D90B-E2E3-4FE2-9C1D-43403076E2FC}.Release70|Any CPU.Build.0 = Release70|Any CPU
		{90B0D90B-E2E3-4FE2-9C1D-43403076E2FC}.ReleaseAll|Any CPU.ActiveCfg = ReleaseAll|Any CPU
		{90B0D90B-E2E3-4FE2-9C1D-43403076E2FC}.ReleaseAll|Any CPU.Build.0 = ReleaseAll|Any CPU
		{2E42675C-2DE2-445D-801F-9A33A1056B09}.Debug|Any CPU.ActiveCfg = Debug|Any CPU
		{2E42675C-2DE2-445D-801F-9A33A1056B09}.Debug|Any CPU.Build.0 = Debug|Any CPU
		{2E42675C-2DE2-445D-801F-9A33A1056B09}.Debug462|Any CPU.ActiveCfg = Debug462|Any CPU
		{2E42675C-2DE2-445D-801F-9A33A1056B09}.Debug70|Any CPU.ActiveCfg = Debug70|Any CPU
		{2E42675C-2DE2-445D-801F-9A33A1056B09}.Debug70|Any CPU.Build.0 = Debug70|Any CPU
		{2E42675C-2DE2-445D-801F-9A33A1056B09}.DebugAll|Any CPU.ActiveCfg = DebugAll|Any CPU
		{2E42675C-2DE2-445D-801F-9A33A1056B09}.DebugAll|Any CPU.Build.0 = DebugAll|Any CPU
		{2E42675C-2DE2-445D-801F-9A33A1056B09}.Release|Any CPU.ActiveCfg = Release|Any CPU
		{2E42675C-2DE2-445D-801F-9A33A1056B09}.Release|Any CPU.Build.0 = Release|Any CPU
		{2E42675C-2DE2-445D-801F-9A33A1056B09}.Release462|Any CPU.ActiveCfg = Release462|Any CPU
		{2E42675C-2DE2-445D-801F-9A33A1056B09}.Release70|Any CPU.ActiveCfg = Release70|Any CPU
		{2E42675C-2DE2-445D-801F-9A33A1056B09}.Release70|Any CPU.Build.0 = Release70|Any CPU
		{2E42675C-2DE2-445D-801F-9A33A1056B09}.ReleaseAll|Any CPU.ActiveCfg = ReleaseAll|Any CPU
		{2E42675C-2DE2-445D-801F-9A33A1056B09}.ReleaseAll|Any CPU.Build.0 = ReleaseAll|Any CPU
		{5C12D720-2863-472E-8DC2-B28984CB0248}.Debug|Any CPU.ActiveCfg = Debug|Any CPU
		{5C12D720-2863-472E-8DC2-B28984CB0248}.Debug462|Any CPU.ActiveCfg = Debug462|Any CPU
		{5C12D720-2863-472E-8DC2-B28984CB0248}.Debug462|Any CPU.Build.0 = Debug462|Any CPU
		{5C12D720-2863-472E-8DC2-B28984CB0248}.Debug70|Any CPU.ActiveCfg = Debug70|Any CPU
		{5C12D720-2863-472E-8DC2-B28984CB0248}.DebugAll|Any CPU.ActiveCfg = DebugAll|Any CPU
		{5C12D720-2863-472E-8DC2-B28984CB0248}.DebugAll|Any CPU.Build.0 = DebugAll|Any CPU
		{5C12D720-2863-472E-8DC2-B28984CB0248}.Release|Any CPU.ActiveCfg = Release|Any CPU
		{5C12D720-2863-472E-8DC2-B28984CB0248}.Release462|Any CPU.ActiveCfg = Release462|Any CPU
		{5C12D720-2863-472E-8DC2-B28984CB0248}.Release462|Any CPU.Build.0 = Release462|Any CPU
		{5C12D720-2863-472E-8DC2-B28984CB0248}.Release70|Any CPU.ActiveCfg = Release70|Any CPU
		{5C12D720-2863-472E-8DC2-B28984CB0248}.ReleaseAll|Any CPU.ActiveCfg = ReleaseAll|Any CPU
		{5C12D720-2863-472E-8DC2-B28984CB0248}.ReleaseAll|Any CPU.Build.0 = ReleaseAll|Any CPU
		{A5969202-B136-424D-90FD-452D0B99AF35}.Debug|Any CPU.ActiveCfg = Debug|Any CPU
		{A5969202-B136-424D-90FD-452D0B99AF35}.Debug462|Any CPU.ActiveCfg = Debug462|Any CPU
		{A5969202-B136-424D-90FD-452D0B99AF35}.Debug462|Any CPU.Build.0 = Debug462|Any CPU
		{A5969202-B136-424D-90FD-452D0B99AF35}.Debug70|Any CPU.ActiveCfg = Debug70|Any CPU
		{A5969202-B136-424D-90FD-452D0B99AF35}.DebugAll|Any CPU.ActiveCfg = DebugAll|Any CPU
		{A5969202-B136-424D-90FD-452D0B99AF35}.DebugAll|Any CPU.Build.0 = DebugAll|Any CPU
		{A5969202-B136-424D-90FD-452D0B99AF35}.Release|Any CPU.ActiveCfg = Release|Any CPU
		{A5969202-B136-424D-90FD-452D0B99AF35}.Release462|Any CPU.ActiveCfg = Release462|Any CPU
		{A5969202-B136-424D-90FD-452D0B99AF35}.Release462|Any CPU.Build.0 = Release462|Any CPU
		{A5969202-B136-424D-90FD-452D0B99AF35}.Release70|Any CPU.ActiveCfg = Release70|Any CPU
		{A5969202-B136-424D-90FD-452D0B99AF35}.ReleaseAll|Any CPU.ActiveCfg = ReleaseAll|Any CPU
		{A5969202-B136-424D-90FD-452D0B99AF35}.ReleaseAll|Any CPU.Build.0 = ReleaseAll|Any CPU
		{DFD41E8E-F548-4D44-BFFD-3A0EE4E97413}.Debug|Any CPU.ActiveCfg = Debug|Any CPU
		{DFD41E8E-F548-4D44-BFFD-3A0EE4E97413}.Debug462|Any CPU.ActiveCfg = Debug462|Any CPU
		{DFD41E8E-F548-4D44-BFFD-3A0EE4E97413}.Debug462|Any CPU.Build.0 = Debug462|Any CPU
		{DFD41E8E-F548-4D44-BFFD-3A0EE4E97413}.Debug70|Any CPU.ActiveCfg = Debug70|Any CPU
		{DFD41E8E-F548-4D44-BFFD-3A0EE4E97413}.DebugAll|Any CPU.ActiveCfg = DebugAll|Any CPU
		{DFD41E8E-F548-4D44-BFFD-3A0EE4E97413}.DebugAll|Any CPU.Build.0 = DebugAll|Any CPU
		{DFD41E8E-F548-4D44-BFFD-3A0EE4E97413}.Release|Any CPU.ActiveCfg = Release|Any CPU
		{DFD41E8E-F548-4D44-BFFD-3A0EE4E97413}.Release462|Any CPU.ActiveCfg = Release462|Any CPU
		{DFD41E8E-F548-4D44-BFFD-3A0EE4E97413}.Release462|Any CPU.Build.0 = Release462|Any CPU
		{DFD41E8E-F548-4D44-BFFD-3A0EE4E97413}.Release70|Any CPU.ActiveCfg = Release70|Any CPU
		{DFD41E8E-F548-4D44-BFFD-3A0EE4E97413}.ReleaseAll|Any CPU.ActiveCfg = ReleaseAll|Any CPU
		{DFD41E8E-F548-4D44-BFFD-3A0EE4E97413}.ReleaseAll|Any CPU.Build.0 = ReleaseAll|Any CPU
		{CE79FB62-9F71-4BE7-AA0D-C31C45C1E4AE}.Debug|Any CPU.ActiveCfg = Debug|Any CPU
		{CE79FB62-9F71-4BE7-AA0D-C31C45C1E4AE}.Debug462|Any CPU.ActiveCfg = Debug462|Any CPU
		{CE79FB62-9F71-4BE7-AA0D-C31C45C1E4AE}.Debug462|Any CPU.Build.0 = Debug462|Any CPU
		{CE79FB62-9F71-4BE7-AA0D-C31C45C1E4AE}.Debug70|Any CPU.ActiveCfg = Debug70|Any CPU
		{CE79FB62-9F71-4BE7-AA0D-C31C45C1E4AE}.DebugAll|Any CPU.ActiveCfg = DebugAll|Any CPU
		{CE79FB62-9F71-4BE7-AA0D-C31C45C1E4AE}.DebugAll|Any CPU.Build.0 = DebugAll|Any CPU
		{CE79FB62-9F71-4BE7-AA0D-C31C45C1E4AE}.Release|Any CPU.ActiveCfg = Release|Any CPU
		{CE79FB62-9F71-4BE7-AA0D-C31C45C1E4AE}.Release462|Any CPU.ActiveCfg = Release462|Any CPU
		{CE79FB62-9F71-4BE7-AA0D-C31C45C1E4AE}.Release462|Any CPU.Build.0 = Release462|Any CPU
		{CE79FB62-9F71-4BE7-AA0D-C31C45C1E4AE}.Release70|Any CPU.ActiveCfg = Release70|Any CPU
		{CE79FB62-9F71-4BE7-AA0D-C31C45C1E4AE}.ReleaseAll|Any CPU.ActiveCfg = ReleaseAll|Any CPU
		{CE79FB62-9F71-4BE7-AA0D-C31C45C1E4AE}.ReleaseAll|Any CPU.Build.0 = ReleaseAll|Any CPU
		{184EEFCF-EF76-40D9-92E8-4671431AB86E}.Debug|Any CPU.ActiveCfg = Debug|Any CPU
		{184EEFCF-EF76-40D9-92E8-4671431AB86E}.Debug462|Any CPU.ActiveCfg = Debug462|Any CPU
		{184EEFCF-EF76-40D9-92E8-4671431AB86E}.Debug462|Any CPU.Build.0 = Debug462|Any CPU
		{184EEFCF-EF76-40D9-92E8-4671431AB86E}.Debug70|Any CPU.ActiveCfg = Debug70|Any CPU
		{184EEFCF-EF76-40D9-92E8-4671431AB86E}.DebugAll|Any CPU.ActiveCfg = DebugAll|Any CPU
		{184EEFCF-EF76-40D9-92E8-4671431AB86E}.DebugAll|Any CPU.Build.0 = DebugAll|Any CPU
		{184EEFCF-EF76-40D9-92E8-4671431AB86E}.Release|Any CPU.ActiveCfg = Release|Any CPU
		{184EEFCF-EF76-40D9-92E8-4671431AB86E}.Release462|Any CPU.ActiveCfg = Release462|Any CPU
		{184EEFCF-EF76-40D9-92E8-4671431AB86E}.Release462|Any CPU.Build.0 = Release462|Any CPU
		{184EEFCF-EF76-40D9-92E8-4671431AB86E}.Release70|Any CPU.ActiveCfg = Release70|Any CPU
		{184EEFCF-EF76-40D9-92E8-4671431AB86E}.ReleaseAll|Any CPU.ActiveCfg = ReleaseAll|Any CPU
		{184EEFCF-EF76-40D9-92E8-4671431AB86E}.ReleaseAll|Any CPU.Build.0 = ReleaseAll|Any CPU
		{9D4A55FE-D7AD-47AE-969E-6E329EAFAA10}.Debug|Any CPU.ActiveCfg = Debug|Any CPU
		{9D4A55FE-D7AD-47AE-969E-6E329EAFAA10}.Debug462|Any CPU.ActiveCfg = Debug462|Any CPU
		{9D4A55FE-D7AD-47AE-969E-6E329EAFAA10}.Debug462|Any CPU.Build.0 = Debug462|Any CPU
		{9D4A55FE-D7AD-47AE-969E-6E329EAFAA10}.Debug70|Any CPU.ActiveCfg = Debug70|Any CPU
		{9D4A55FE-D7AD-47AE-969E-6E329EAFAA10}.DebugAll|Any CPU.ActiveCfg = DebugAll|Any CPU
		{9D4A55FE-D7AD-47AE-969E-6E329EAFAA10}.DebugAll|Any CPU.Build.0 = DebugAll|Any CPU
		{9D4A55FE-D7AD-47AE-969E-6E329EAFAA10}.Release|Any CPU.ActiveCfg = Release|Any CPU
		{9D4A55FE-D7AD-47AE-969E-6E329EAFAA10}.Release462|Any CPU.ActiveCfg = Release462|Any CPU
		{9D4A55FE-D7AD-47AE-969E-6E329EAFAA10}.Release462|Any CPU.Build.0 = Release462|Any CPU
		{9D4A55FE-D7AD-47AE-969E-6E329EAFAA10}.Release70|Any CPU.ActiveCfg = Release70|Any CPU
		{9D4A55FE-D7AD-47AE-969E-6E329EAFAA10}.ReleaseAll|Any CPU.ActiveCfg = ReleaseAll|Any CPU
		{9D4A55FE-D7AD-47AE-969E-6E329EAFAA10}.ReleaseAll|Any CPU.Build.0 = ReleaseAll|Any CPU
		{E18B7B09-5690-4124-9554-DA4B46A633E7}.Debug|Any CPU.ActiveCfg = Debug|Any CPU
		{E18B7B09-5690-4124-9554-DA4B46A633E7}.Debug|Any CPU.Build.0 = Debug|Any CPU
		{E18B7B09-5690-4124-9554-DA4B46A633E7}.Debug462|Any CPU.ActiveCfg = Debug|Any CPU
		{E18B7B09-5690-4124-9554-DA4B46A633E7}.Debug462|Any CPU.Build.0 = Debug|Any CPU
		{E18B7B09-5690-4124-9554-DA4B46A633E7}.Debug70|Any CPU.ActiveCfg = Debug|Any CPU
		{E18B7B09-5690-4124-9554-DA4B46A633E7}.Debug70|Any CPU.Build.0 = Debug|Any CPU
		{E18B7B09-5690-4124-9554-DA4B46A633E7}.DebugAll|Any CPU.ActiveCfg = Debug|Any CPU
		{E18B7B09-5690-4124-9554-DA4B46A633E7}.DebugAll|Any CPU.Build.0 = Debug|Any CPU
		{E18B7B09-5690-4124-9554-DA4B46A633E7}.Release|Any CPU.ActiveCfg = Release|Any CPU
		{E18B7B09-5690-4124-9554-DA4B46A633E7}.Release|Any CPU.Build.0 = Release|Any CPU
		{E18B7B09-5690-4124-9554-DA4B46A633E7}.Release462|Any CPU.ActiveCfg = Release|Any CPU
		{E18B7B09-5690-4124-9554-DA4B46A633E7}.Release462|Any CPU.Build.0 = Release|Any CPU
		{E18B7B09-5690-4124-9554-DA4B46A633E7}.Release70|Any CPU.ActiveCfg = Release|Any CPU
		{E18B7B09-5690-4124-9554-DA4B46A633E7}.Release70|Any CPU.Build.0 = Release|Any CPU
		{E18B7B09-5690-4124-9554-DA4B46A633E7}.ReleaseAll|Any CPU.ActiveCfg = Release|Any CPU
		{E18B7B09-5690-4124-9554-DA4B46A633E7}.ReleaseAll|Any CPU.Build.0 = Release|Any CPU
	EndGlobalSection
	GlobalSection(SolutionProperties) = preSolution
		HideSolutionNode = FALSE
	EndGlobalSection
	GlobalSection(NestedProjects) = preSolution
		{C4AE1B00-36BB-4D5F-8CC9-E51979BE2830} = {4269F3C3-6B42-419B-B64A-3E6DC0F1574A}
		{E59979B0-F267-46DC-B628-941D31C3CB7C} = {4269F3C3-6B42-419B-B64A-3E6DC0F1574A}
		{AC286BA6-D439-4EDA-A468-2B18DB53E163} = {4269F3C3-6B42-419B-B64A-3E6DC0F1574A}
		{ED98A690-863A-443C-9DBB-8F0F5BCACE2B} = {4269F3C3-6B42-419B-B64A-3E6DC0F1574A}
		{CEE27893-EE7D-4832-858F-70AF6BA325E3} = {4269F3C3-6B42-419B-B64A-3E6DC0F1574A}
		{142854D7-409C-4C87-A5B8-39B51477F5B2} = {5EEC2873-35B5-4364-A2A0-97AAD7BF960D}
		{D4CC6660-8C30-41E5-A28A-C018DDDF8D96} = {4269F3C3-6B42-419B-B64A-3E6DC0F1574A}
		{89514D49-4D5D-4423-A6EC-F0FF1D23EF43} = {4269F3C3-6B42-419B-B64A-3E6DC0F1574A}
		{889A85AD-6450-4F5E-A404-01CC296C90D9} = {4269F3C3-6B42-419B-B64A-3E6DC0F1574A}
		{B91CCC91-2A8D-4411-9A50-709A11B61ADC} = {AD743B78-D61F-4FBF-B620-FA83CE599A50}
		{D274E7B2-0FED-4F9E-B39A-9FA4A8ACCF39} = {AD743B78-D61F-4FBF-B620-FA83CE599A50}
		{0DAA552E-5906-42C3-846F-2646EE2C33D3} = {AD743B78-D61F-4FBF-B620-FA83CE599A50}
		{B23198D8-6652-4CE5-AEE3-8646202E6BBD} = {AD743B78-D61F-4FBF-B620-FA83CE599A50}
		{21E2744A-4C69-4862-894A-6922C2B8E2F8} = {AD743B78-D61F-4FBF-B620-FA83CE599A50}
		{F065BA6A-DB76-409B-9516-1F027753C2F4} = {AD743B78-D61F-4FBF-B620-FA83CE599A50}
		{6BB3FA08-791F-4418-AD1C-FAB5EE67D88C} = {AD743B78-D61F-4FBF-B620-FA83CE599A50}
		{101EA8CC-4491-4BED-B379-F5EB7A9DFBEF} = {AD743B78-D61F-4FBF-B620-FA83CE599A50}
		{04292C40-764E-4FC1-9A1A-6F019EA53C08} = {AD743B78-D61F-4FBF-B620-FA83CE599A50}
		{8CF1A53C-A812-4659-97B2-96170D57B685} = {04292C40-764E-4FC1-9A1A-6F019EA53C08}
		{CFFAFB5D-FD5B-4D31-8F31-0DC12C45A4D8} = {04292C40-764E-4FC1-9A1A-6F019EA53C08}
		{B9F8461A-1919-43C6-B6FA-8908A658A882} = {04292C40-764E-4FC1-9A1A-6F019EA53C08}
		{22C21DD2-677C-43DE-B14F-9FF59C5A0191} = {04292C40-764E-4FC1-9A1A-6F019EA53C08}
		{9E699744-029A-4F6E-A1E2-1D50D5A2F941} = {04292C40-764E-4FC1-9A1A-6F019EA53C08}
		{90B0D90B-E2E3-4FE2-9C1D-43403076E2FC} = {04292C40-764E-4FC1-9A1A-6F019EA53C08}
		{2E42675C-2DE2-445D-801F-9A33A1056B09} = {04292C40-764E-4FC1-9A1A-6F019EA53C08}
		{5C12D720-2863-472E-8DC2-B28984CB0248} = {101EA8CC-4491-4BED-B379-F5EB7A9DFBEF}
		{A5969202-B136-424D-90FD-452D0B99AF35} = {101EA8CC-4491-4BED-B379-F5EB7A9DFBEF}
		{DFD41E8E-F548-4D44-BFFD-3A0EE4E97413} = {101EA8CC-4491-4BED-B379-F5EB7A9DFBEF}
		{CE79FB62-9F71-4BE7-AA0D-C31C45C1E4AE} = {101EA8CC-4491-4BED-B379-F5EB7A9DFBEF}
		{184EEFCF-EF76-40D9-92E8-4671431AB86E} = {101EA8CC-4491-4BED-B379-F5EB7A9DFBEF}
		{9D4A55FE-D7AD-47AE-969E-6E329EAFAA10} = {101EA8CC-4491-4BED-B379-F5EB7A9DFBEF}
		{E18B7B09-5690-4124-9554-DA4B46A633E7} = {101EA8CC-4491-4BED-B379-F5EB7A9DFBEF}
	EndGlobalSection
	GlobalSection(ExtensibilityGlobals) = postSolution
		SolutionGuid = {30372F91-B206-4351-A621-F0E2773C337B}
	EndGlobalSection
	GlobalSection(SharedMSBuildProjectFiles) = preSolution
		tests\Microsoft.PowerFx.Interpreter.Tests.Shared\Microsoft.PowerFx.Interpreter.Tests.Shared.projitems*{0daa552e-5906-42c3-846f-2646ee2c33d3}*SharedItemsImports = 13
		tests\Microsoft.PowerFx.Performance.Tests.Shared\Microsoft.PowerFx.Performance.Tests.Shared.projitems*{184eefcf-ef76-40d9-92e8-4671431ab86e}*SharedItemsImports = 5
		tests\Microsoft.PowerFx.Performance.Tests.Shared\Microsoft.PowerFx.Performance.Tests.Shared.projitems*{21e2744a-4c69-4862-894a-6922c2b8e2f8}*SharedItemsImports = 13
		tests\Microsoft.PowerFx.Json.Tests.Shared\Microsoft.PowerFx.Json.Tests.Shared.projitems*{22c21dd2-677c-43de-b14f-9ff59c5a0191}*SharedItemsImports = 5
		tests\Microsoft.PowerFx.TexlFunctionExporter.Shared\Microsoft.PowerFx.TexlFunctionExporter.Shared.projitems*{2e42675c-2de2-445d-801f-9a33a1056b09}*SharedItemsImports = 5
		tests\Microsoft.PowerFx.Connectors.Tests.Shared\Microsoft.PowerFx.Connectors.Tests.Shared.projitems*{5c12d720-2863-472e-8dc2-b28984cb0248}*SharedItemsImports = 5
		tests\Microsoft.PowerFx.TexlFunctionExporter.Shared\Microsoft.PowerFx.TexlFunctionExporter.Shared.projitems*{6bb3fa08-791f-4418-ad1c-fab5ee67d88c}*SharedItemsImports = 13
		tests\Microsoft.PowerFx.Connectors.Tests.Shared\Microsoft.PowerFx.Connectors.Tests.Shared.projitems*{8cf1a53c-a812-4659-97b2-96170d57b685}*SharedItemsImports = 5
		tests\Microsoft.PowerFx.Repl.Tests.Shared\Microsoft.PowerFx.Repl.Tests.Shared.projitems*{90b0d90b-e2e3-4fe2-9c1d-43403076e2fc}*SharedItemsImports = 5
		tests\Microsoft.PowerFx.Repl.Tests.Shared\Microsoft.PowerFx.Repl.Tests.Shared.projitems*{9d4a55fe-d7ad-47ae-969e-6e329eafaa10}*SharedItemsImports = 5
		tests\Microsoft.PowerFx.Performance.Tests.Shared\Microsoft.PowerFx.Performance.Tests.Shared.projitems*{9e699744-029a-4f6e-a1e2-1d50d5a2f941}*SharedItemsImports = 5
		tests\Microsoft.PowerFx.Core.Tests.Shared\Microsoft.PowerFx.Core.Tests.Shared.projitems*{a5969202-b136-424d-90fd-452d0b99af35}*SharedItemsImports = 5
		tests\Microsoft.PowerFx.Json.Tests.Shared\Microsoft.PowerFx.Json.Tests.Shared.projitems*{b23198d8-6652-4ce5-aee3-8646202e6bbd}*SharedItemsImports = 13
		tests\Microsoft.PowerFx.Connectors.Tests.Shared\Microsoft.PowerFx.Connectors.Tests.Shared.projitems*{b91ccc91-2a8d-4411-9a50-709a11b61adc}*SharedItemsImports = 13
		tests\Microsoft.PowerFx.Interpreter.Tests.Shared\Microsoft.PowerFx.Interpreter.Tests.Shared.projitems*{b9f8461a-1919-43c6-b6fa-8908a658a882}*SharedItemsImports = 5
		tests\Microsoft.PowerFx.Json.Tests.Shared\Microsoft.PowerFx.Json.Tests.Shared.projitems*{ce79fb62-9f71-4be7-aa0d-c31c45c1e4ae}*SharedItemsImports = 5
		tests\Microsoft.PowerFx.Core.Tests.Shared\Microsoft.PowerFx.Core.Tests.Shared.projitems*{cffafb5d-fd5b-4d31-8f31-0dc12c45a4d8}*SharedItemsImports = 5
		tests\Microsoft.PowerFx.Core.Tests.Shared\Microsoft.PowerFx.Core.Tests.Shared.projitems*{d274e7b2-0fed-4f9e-b39a-9fa4a8accf39}*SharedItemsImports = 13
		tests\Microsoft.PowerFx.Interpreter.Tests.Shared\Microsoft.PowerFx.Interpreter.Tests.Shared.projitems*{dfd41e8e-f548-4d44-bffd-3a0ee4e97413}*SharedItemsImports = 5
		tests\Microsoft.PowerFx.Repl.Tests.Shared\Microsoft.PowerFx.Repl.Tests.Shared.projitems*{f065ba6a-db76-409b-9516-1f027753c2f4}*SharedItemsImports = 13
	EndGlobalSection
EndGlobal
